{
  "name": "crow-engine",
  "version": "1.0.0",
  "lockfileVersion": 1,
  "requires": true,
  "dependencies": {
    "@types/gl-matrix": {
      "version": "2.4.5",
      "resolved": "https://registry.npmjs.org/@types/gl-matrix/-/gl-matrix-2.4.5.tgz",
      "integrity": "sha512-0L8Mq1+oaIW0oVzGUDbSW+HnTjCNb4CmoIQE5BkoHt/A7x20z0MJ1PnwfH3atty/vbWLGgvJwVu2Mz3SKFiEFw=="
    },
    "@types/webgl2": {
      "version": "0.0.5",
      "resolved": "https://registry.npmjs.org/@types/webgl2/-/webgl2-0.0.5.tgz",
      "integrity": "sha512-oGaKsBbxQOY5+aJFV3KECDhGaXt+yZJt2y/OZsnQGLRkH6Fvr7rv4pCt3SRH1somIHfej/c4u7NSpCyd9x+1Ow=="
    },
    "gl-matrix": {
      "version": "3.1.0",
      "resolved": "https://registry.npmjs.org/gl-matrix/-/gl-matrix-3.1.0.tgz",
      "integrity": "sha512-526NA+3EA+ztAQi0IZpSWiM0fyQXIp7IbRvfJ4wS/TjjQD0uv0fVybXwwqqSOlq33UckivI0yMDlVtboWm3k7A=="
    },
    "parse-hdr": {
      "version": "1.0.0",
      "resolved": "https://registry.npmjs.org/parse-hdr/-/parse-hdr-1.0.0.tgz",
      "integrity": "sha1-n5C0SC7rWmbzIKUUVvHOrFGhaVM="
    },
    "webgl-obj-loader": {
      "version": "2.0.3",
      "resolved": "https://registry.npmjs.org/webgl-obj-loader/-/webgl-obj-loader-2.0.3.tgz",
      "integrity": "sha512-hMCkwfue8NcpyuZhjdAak/9YesnyroaklglHirTovSKPJbRxCqbyI5KzgDnhhOOpRaiCUdbmiwvfj1RrqRLJPg=="
    }
  }
}
