{
  "name": "crow-engine",
  "version": "1.0.0",
  "lockfileVersion": 1,
  "requires": true,
  "dependencies": {
    "gl-matrix": {
      "version": "3.2.1",
      "resolved": "https://registry.npmjs.org/gl-matrix/-/gl-matrix-3.2.1.tgz",
      "integrity": "sha512-YYVO8jUSf6+SakL4AJmx9Jc7zAZhkJQ+WhdtX3VQe5PJdCOX6/ybY4x1vk+h94ePnjRn6uml68+QxTAJneUpvA=="
    },
    "parse-hdr": {
      "version": "1.0.0",
      "resolved": "https://registry.npmjs.org/parse-hdr/-/parse-hdr-1.0.0.tgz",
      "integrity": "sha1-n5C0SC7rWmbzIKUUVvHOrFGhaVM="
    },
    "webgl-obj-loader": {
      "version": "2.0.3",
      "resolved": "https://registry.npmjs.org/webgl-obj-loader/-/webgl-obj-loader-2.0.3.tgz",
      "integrity": "sha512-hMCkwfue8NcpyuZhjdAak/9YesnyroaklglHirTovSKPJbRxCqbyI5KzgDnhhOOpRaiCUdbmiwvfj1RrqRLJPg=="
    }
  }
}
